// !$*UTF8*$!
{
	archiveVersion = 1;
	classes = {
	};
	objectVersion = 55;
	objects = {

/* Begin PBXBuildFile section */
		51F1E3BC30636B4745F410F0 /* Pods_NateChallengeTests.framework in Frameworks */ = {isa = PBXBuildFile; fileRef = 2FC9FE7CA808045633DCB59A /* Pods_NateChallengeTests.framework */; };
		6224361D2860C796001744F2 /* UIFontExtension.swift in Sources */ = {isa = PBXBuildFile; fileRef = 6224361C2860C796001744F2 /* UIFontExtension.swift */; };
		6224361F2861B635001744F2 /* HTTPMethods.swift in Sources */ = {isa = PBXBuildFile; fileRef = 6224361E2861B635001744F2 /* HTTPMethods.swift */; };
		62943ADF285898DA00531E26 /* AppDelegate.swift in Sources */ = {isa = PBXBuildFile; fileRef = 62943ADE285898DA00531E26 /* AppDelegate.swift */; };
		62943AE1285898DA00531E26 /* SceneDelegate.swift in Sources */ = {isa = PBXBuildFile; fileRef = 62943AE0285898DA00531E26 /* SceneDelegate.swift */; };
		62943AE8285898DF00531E26 /* Assets.xcassets in Resources */ = {isa = PBXBuildFile; fileRef = 62943AE7285898DF00531E26 /* Assets.xcassets */; };
		62943AEB285898DF00531E26 /* LaunchScreen.storyboard in Resources */ = {isa = PBXBuildFile; fileRef = 62943AE9285898DF00531E26 /* LaunchScreen.storyboard */; };
		62943B00285898DF00531E26 /* NateChallengeUITests.swift in Sources */ = {isa = PBXBuildFile; fileRef = 62943AFF285898DF00531E26 /* NateChallengeUITests.swift */; };
		62943B02285898DF00531E26 /* NateChallengeUITestsLaunchTests.swift in Sources */ = {isa = PBXBuildFile; fileRef = 62943B01285898DF00531E26 /* NateChallengeUITestsLaunchTests.swift */; };
		62943B10285899C400531E26 /* Product.swift in Sources */ = {isa = PBXBuildFile; fileRef = 62943B0F285899C400531E26 /* Product.swift */; };
		62943B1228589AFD00531E26 /* ProductsTests.swift in Sources */ = {isa = PBXBuildFile; fileRef = 62943B1128589AFD00531E26 /* ProductsTests.swift */; };
		62943B162858A1FF00531E26 /* NetworkService.swift in Sources */ = {isa = PBXBuildFile; fileRef = 62943B152858A1FF00531E26 /* NetworkService.swift */; };
		62943B192858A23100531E26 /* Constants.swift in Sources */ = {isa = PBXBuildFile; fileRef = 62943B182858A23100531E26 /* Constants.swift */; };
		62943B1C2858D9FE00531E26 /* NetworkServiceTests.swift in Sources */ = {isa = PBXBuildFile; fileRef = 62943B1B2858D9FE00531E26 /* NetworkServiceTests.swift */; };
		62943B1F2858EDBA00531E26 /* ProductListViewController.swift in Sources */ = {isa = PBXBuildFile; fileRef = 62943B1E2858EDBA00531E26 /* ProductListViewController.swift */; };
		62943B222858EFD900531E26 /* ProductCollectionViewCell.swift in Sources */ = {isa = PBXBuildFile; fileRef = 62943B212858EFD900531E26 /* ProductCollectionViewCell.swift */; };
		62943B252858F2FC00531E26 /* ProductListViewModel.swift in Sources */ = {isa = PBXBuildFile; fileRef = 62943B242858F2FC00531E26 /* ProductListViewModel.swift */; };
		62943B2828591EDC00531E26 /* Theme.swift in Sources */ = {isa = PBXBuildFile; fileRef = 62943B2728591EDC00531E26 /* Theme.swift */; };
		62943B2B28591F5C00531E26 /* UIColorExtension.swift in Sources */ = {isa = PBXBuildFile; fileRef = 62943B2A28591F5C00531E26 /* UIColorExtension.swift */; };
		62943B2E2859343A00531E26 /* Coordinator.swift in Sources */ = {isa = PBXBuildFile; fileRef = 62943B2D2859343A00531E26 /* Coordinator.swift */; };
		62943B302859345200531E26 /* MainCoordinator.swift in Sources */ = {isa = PBXBuildFile; fileRef = 62943B2F2859345200531E26 /* MainCoordinator.swift */; };
		62943B32285937E900531E26 /* DetailViewController.swift in Sources */ = {isa = PBXBuildFile; fileRef = 62943B31285937E900531E26 /* DetailViewController.swift */; };
		62943B3528593EC700531E26 /* Outfit-Bold.ttf in Resources */ = {isa = PBXBuildFile; fileRef = 62943B3428593EC700531E26 /* Outfit-Bold.ttf */; };
		62943B3728593ECD00531E26 /* Outfit-SemiBold.ttf in Resources */ = {isa = PBXBuildFile; fileRef = 62943B3628593ECD00531E26 /* Outfit-SemiBold.ttf */; };
		62943B3928593ED600531E26 /* Outfit-Regular.ttf in Resources */ = {isa = PBXBuildFile; fileRef = 62943B3828593ED600531E26 /* Outfit-Regular.ttf */; };
		62943B3E285A5BB100531E26 /* ProductListViewModelTests.swift in Sources */ = {isa = PBXBuildFile; fileRef = 62943B3D285A5BB100531E26 /* ProductListViewModelTests.swift */; };
		71615FE1E5D4446082C70967 /* Pods_NateChallenge_NateChallengeUITests.framework in Frameworks */ = {isa = PBXBuildFile; fileRef = 76ED5A6382597C3EFDC369F4 /* Pods_NateChallenge_NateChallengeUITests.framework */; };
		BD56094AC540B98F6B7B5C06 /* Pods_NateChallenge.framework in Frameworks */ = {isa = PBXBuildFile; fileRef = A78A4323856B2B602622BE93 /* Pods_NateChallenge.framework */; };
/* End PBXBuildFile section */

/* Begin PBXContainerItemProxy section */
		62943AF2285898DF00531E26 /* PBXContainerItemProxy */ = {
			isa = PBXContainerItemProxy;
			containerPortal = 62943AD3285898DA00531E26 /* Project object */;
			proxyType = 1;
			remoteGlobalIDString = 62943ADA285898DA00531E26;
			remoteInfo = NateChallenge;
		};
		62943AFC285898DF00531E26 /* PBXContainerItemProxy */ = {
			isa = PBXContainerItemProxy;
			containerPortal = 62943AD3285898DA00531E26 /* Project object */;
			proxyType = 1;
			remoteGlobalIDString = 62943ADA285898DA00531E26;
			remoteInfo = NateChallenge;
		};
/* End PBXContainerItemProxy section */

/* Begin PBXFileReference section */
		0F2A74436FE7C3448E6BEED7 /* Pods-NateChallenge.release.xcconfig */ = {isa = PBXFileReference; includeInIndex = 1; lastKnownFileType = text.xcconfig; name = "Pods-NateChallenge.release.xcconfig"; path = "Target Support Files/Pods-NateChallenge/Pods-NateChallenge.release.xcconfig"; sourceTree = "<group>"; };
		2FC9FE7CA808045633DCB59A /* Pods_NateChallengeTests.framework */ = {isa = PBXFileReference; explicitFileType = wrapper.framework; includeInIndex = 0; path = Pods_NateChallengeTests.framework; sourceTree = BUILT_PRODUCTS_DIR; };
		36C8E0EC6A1BB7309EF8FD23 /* Pods-NateChallengeTests.release.xcconfig */ = {isa = PBXFileReference; includeInIndex = 1; lastKnownFileType = text.xcconfig; name = "Pods-NateChallengeTests.release.xcconfig"; path = "Target Support Files/Pods-NateChallengeTests/Pods-NateChallengeTests.release.xcconfig"; sourceTree = "<group>"; };
		5159BFAD7E736F3DB3196635 /* Pods-NateChallenge-NateChallengeUITests.release.xcconfig */ = {isa = PBXFileReference; includeInIndex = 1; lastKnownFileType = text.xcconfig; name = "Pods-NateChallenge-NateChallengeUITests.release.xcconfig"; path = "Target Support Files/Pods-NateChallenge-NateChallengeUITests/Pods-NateChallenge-NateChallengeUITests.release.xcconfig"; sourceTree = "<group>"; };
		5C54DE21D6646A7F054AF230 /* Pods-NateChallenge-NateChallengeUITests.debug.xcconfig */ = {isa = PBXFileReference; includeInIndex = 1; lastKnownFileType = text.xcconfig; name = "Pods-NateChallenge-NateChallengeUITests.debug.xcconfig"; path = "Target Support Files/Pods-NateChallenge-NateChallengeUITests/Pods-NateChallenge-NateChallengeUITests.debug.xcconfig"; sourceTree = "<group>"; };
		6224361628606D86001744F2 /* README.md */ = {isa = PBXFileReference; lastKnownFileType = net.daringfireball.markdown; path = README.md; sourceTree = "<group>"; };
		6224361C2860C796001744F2 /* UIFontExtension.swift */ = {isa = PBXFileReference; lastKnownFileType = sourcecode.swift; path = UIFontExtension.swift; sourceTree = "<group>"; };
		6224361E2861B635001744F2 /* HTTPMethods.swift */ = {isa = PBXFileReference; lastKnownFileType = sourcecode.swift; path = HTTPMethods.swift; sourceTree = "<group>"; };
		62943ADB285898DA00531E26 /* NateChallenge.app */ = {isa = PBXFileReference; explicitFileType = wrapper.application; includeInIndex = 0; path = NateChallenge.app; sourceTree = BUILT_PRODUCTS_DIR; };
		62943ADE285898DA00531E26 /* AppDelegate.swift */ = {isa = PBXFileReference; lastKnownFileType = sourcecode.swift; path = AppDelegate.swift; sourceTree = "<group>"; };
		62943AE0285898DA00531E26 /* SceneDelegate.swift */ = {isa = PBXFileReference; lastKnownFileType = sourcecode.swift; path = SceneDelegate.swift; sourceTree = "<group>"; };
		62943AE7285898DF00531E26 /* Assets.xcassets */ = {isa = PBXFileReference; lastKnownFileType = folder.assetcatalog; path = Assets.xcassets; sourceTree = "<group>"; };
		62943AEA285898DF00531E26 /* Base */ = {isa = PBXFileReference; lastKnownFileType = file.storyboard; name = Base; path = Base.lproj/LaunchScreen.storyboard; sourceTree = "<group>"; };
		62943AEC285898DF00531E26 /* Info.plist */ = {isa = PBXFileReference; lastKnownFileType = text.plist.xml; path = Info.plist; sourceTree = "<group>"; };
		62943AF1285898DF00531E26 /* NateChallengeTests.xctest */ = {isa = PBXFileReference; explicitFileType = wrapper.cfbundle; includeInIndex = 0; path = NateChallengeTests.xctest; sourceTree = BUILT_PRODUCTS_DIR; };
		62943AFB285898DF00531E26 /* NateChallengeUITests.xctest */ = {isa = PBXFileReference; explicitFileType = wrapper.cfbundle; includeInIndex = 0; path = NateChallengeUITests.xctest; sourceTree = BUILT_PRODUCTS_DIR; };
		62943AFF285898DF00531E26 /* NateChallengeUITests.swift */ = {isa = PBXFileReference; lastKnownFileType = sourcecode.swift; path = NateChallengeUITests.swift; sourceTree = "<group>"; };
		62943B01285898DF00531E26 /* NateChallengeUITestsLaunchTests.swift */ = {isa = PBXFileReference; lastKnownFileType = sourcecode.swift; path = NateChallengeUITestsLaunchTests.swift; sourceTree = "<group>"; };
		62943B0F285899C400531E26 /* Product.swift */ = {isa = PBXFileReference; lastKnownFileType = sourcecode.swift; path = Product.swift; sourceTree = "<group>"; };
		62943B1128589AFD00531E26 /* ProductsTests.swift */ = {isa = PBXFileReference; lastKnownFileType = sourcecode.swift; path = ProductsTests.swift; sourceTree = "<group>"; };
		62943B152858A1FF00531E26 /* NetworkService.swift */ = {isa = PBXFileReference; lastKnownFileType = sourcecode.swift; path = NetworkService.swift; sourceTree = "<group>"; };
		62943B182858A23100531E26 /* Constants.swift */ = {isa = PBXFileReference; lastKnownFileType = sourcecode.swift; path = Constants.swift; sourceTree = "<group>"; };
		62943B1B2858D9FE00531E26 /* NetworkServiceTests.swift */ = {isa = PBXFileReference; lastKnownFileType = sourcecode.swift; path = NetworkServiceTests.swift; sourceTree = "<group>"; };
		62943B1E2858EDBA00531E26 /* ProductListViewController.swift */ = {isa = PBXFileReference; lastKnownFileType = sourcecode.swift; path = ProductListViewController.swift; sourceTree = "<group>"; };
		62943B212858EFD900531E26 /* ProductCollectionViewCell.swift */ = {isa = PBXFileReference; lastKnownFileType = sourcecode.swift; path = ProductCollectionViewCell.swift; sourceTree = "<group>"; };
		62943B242858F2FC00531E26 /* ProductListViewModel.swift */ = {isa = PBXFileReference; lastKnownFileType = sourcecode.swift; path = ProductListViewModel.swift; sourceTree = "<group>"; };
		62943B2728591EDC00531E26 /* Theme.swift */ = {isa = PBXFileReference; lastKnownFileType = sourcecode.swift; path = Theme.swift; sourceTree = "<group>"; };
		62943B2A28591F5C00531E26 /* UIColorExtension.swift */ = {isa = PBXFileReference; lastKnownFileType = sourcecode.swift; path = UIColorExtension.swift; sourceTree = "<group>"; };
		62943B2D2859343A00531E26 /* Coordinator.swift */ = {isa = PBXFileReference; lastKnownFileType = sourcecode.swift; path = Coordinator.swift; sourceTree = "<group>"; };
		62943B2F2859345200531E26 /* MainCoordinator.swift */ = {isa = PBXFileReference; lastKnownFileType = sourcecode.swift; path = MainCoordinator.swift; sourceTree = "<group>"; };
		62943B31285937E900531E26 /* DetailViewController.swift */ = {isa = PBXFileReference; lastKnownFileType = sourcecode.swift; path = DetailViewController.swift; sourceTree = "<group>"; };
		62943B3428593EC700531E26 /* Outfit-Bold.ttf */ = {isa = PBXFileReference; lastKnownFileType = file; path = "Outfit-Bold.ttf"; sourceTree = "<group>"; };
		62943B3628593ECD00531E26 /* Outfit-SemiBold.ttf */ = {isa = PBXFileReference; lastKnownFileType = file; path = "Outfit-SemiBold.ttf"; sourceTree = "<group>"; };
		62943B3828593ED600531E26 /* Outfit-Regular.ttf */ = {isa = PBXFileReference; lastKnownFileType = file; path = "Outfit-Regular.ttf"; sourceTree = "<group>"; };
		62943B3D285A5BB100531E26 /* ProductListViewModelTests.swift */ = {isa = PBXFileReference; lastKnownFileType = sourcecode.swift; path = ProductListViewModelTests.swift; sourceTree = "<group>"; };
		76ED5A6382597C3EFDC369F4 /* Pods_NateChallenge_NateChallengeUITests.framework */ = {isa = PBXFileReference; explicitFileType = wrapper.framework; includeInIndex = 0; path = Pods_NateChallenge_NateChallengeUITests.framework; sourceTree = BUILT_PRODUCTS_DIR; };
		9BA5CEA28E9D88DB79542859 /* Pods-NateChallengeTests.debug.xcconfig */ = {isa = PBXFileReference; includeInIndex = 1; lastKnownFileType = text.xcconfig; name = "Pods-NateChallengeTests.debug.xcconfig"; path = "Target Support Files/Pods-NateChallengeTests/Pods-NateChallengeTests.debug.xcconfig"; sourceTree = "<group>"; };
		A78A4323856B2B602622BE93 /* Pods_NateChallenge.framework */ = {isa = PBXFileReference; explicitFileType = wrapper.framework; includeInIndex = 0; path = Pods_NateChallenge.framework; sourceTree = BUILT_PRODUCTS_DIR; };
		F6EE1B0DE3E2AADD88063AE2 /* Pods-NateChallenge.debug.xcconfig */ = {isa = PBXFileReference; includeInIndex = 1; lastKnownFileType = text.xcconfig; name = "Pods-NateChallenge.debug.xcconfig"; path = "Target Support Files/Pods-NateChallenge/Pods-NateChallenge.debug.xcconfig"; sourceTree = "<group>"; };
/* End PBXFileReference section */

/* Begin PBXFrameworksBuildPhase section */
		62943AD8285898DA00531E26 /* Frameworks */ = {
			isa = PBXFrameworksBuildPhase;
			buildActionMask = 2147483647;
			files = (
				BD56094AC540B98F6B7B5C06 /* Pods_NateChallenge.framework in Frameworks */,
			);
			runOnlyForDeploymentPostprocessing = 0;
		};
		62943AEE285898DF00531E26 /* Frameworks */ = {
			isa = PBXFrameworksBuildPhase;
			buildActionMask = 2147483647;
			files = (
				51F1E3BC30636B4745F410F0 /* Pods_NateChallengeTests.framework in Frameworks */,
			);
			runOnlyForDeploymentPostprocessing = 0;
		};
		62943AF8285898DF00531E26 /* Frameworks */ = {
			isa = PBXFrameworksBuildPhase;
			buildActionMask = 2147483647;
			files = (
				71615FE1E5D4446082C70967 /* Pods_NateChallenge_NateChallengeUITests.framework in Frameworks */,
			);
			runOnlyForDeploymentPostprocessing = 0;
		};
/* End PBXFrameworksBuildPhase section */

/* Begin PBXGroup section */
		4905A73FBD0A133F3D8CE1F8 /* Frameworks */ = {
			isa = PBXGroup;
			children = (
				A78A4323856B2B602622BE93 /* Pods_NateChallenge.framework */,
				76ED5A6382597C3EFDC369F4 /* Pods_NateChallenge_NateChallengeUITests.framework */,
				2FC9FE7CA808045633DCB59A /* Pods_NateChallengeTests.framework */,
			);
			name = Frameworks;
			sourceTree = "<group>";
		};
		58E0AE8C71CD869974E6DEAF /* Pods */ = {
			isa = PBXGroup;
			children = (
				F6EE1B0DE3E2AADD88063AE2 /* Pods-NateChallenge.debug.xcconfig */,
				0F2A74436FE7C3448E6BEED7 /* Pods-NateChallenge.release.xcconfig */,
				5C54DE21D6646A7F054AF230 /* Pods-NateChallenge-NateChallengeUITests.debug.xcconfig */,
				5159BFAD7E736F3DB3196635 /* Pods-NateChallenge-NateChallengeUITests.release.xcconfig */,
				9BA5CEA28E9D88DB79542859 /* Pods-NateChallengeTests.debug.xcconfig */,
				36C8E0EC6A1BB7309EF8FD23 /* Pods-NateChallengeTests.release.xcconfig */,
			);
			path = Pods;
			sourceTree = "<group>";
		};
		62943AD2285898DA00531E26 = {
			isa = PBXGroup;
			children = (
				6224361628606D86001744F2 /* README.md */,
				62943ADD285898DA00531E26 /* NateChallenge */,
				62943AF4285898DF00531E26 /* NateChallengeTests */,
				62943AFE285898DF00531E26 /* NateChallengeUITests */,
				62943ADC285898DA00531E26 /* Products */,
				58E0AE8C71CD869974E6DEAF /* Pods */,
				4905A73FBD0A133F3D8CE1F8 /* Frameworks */,
			);
			sourceTree = "<group>";
		};
		62943ADC285898DA00531E26 /* Products */ = {
			isa = PBXGroup;
			children = (
				62943ADB285898DA00531E26 /* NateChallenge.app */,
				62943AF1285898DF00531E26 /* NateChallengeTests.xctest */,
				62943AFB285898DF00531E26 /* NateChallengeUITests.xctest */,
			);
			name = Products;
			sourceTree = "<group>";
		};
		62943ADD285898DA00531E26 /* NateChallenge */ = {
			isa = PBXGroup;
			children = (
				62943B0E285899AF00531E26 /* Models */,
				62943B1D2858EDA000531E26 /* ViewControllers */,
				62943B232858F2B500531E26 /* ViewModels  */,
				62943B202858EDD700531E26 /* Coordinators  */,
				62943B172858A22300531E26 /* Helpers */,
				62943B142858A1EE00531E26 /* Services */,
				62943B2628591EAB00531E26 /* Style */,
				62943ADE285898DA00531E26 /* AppDelegate.swift */,
				62943AE0285898DA00531E26 /* SceneDelegate.swift */,
				62943AE7285898DF00531E26 /* Assets.xcassets */,
				62943AE9285898DF00531E26 /* LaunchScreen.storyboard */,
				62943AEC285898DF00531E26 /* Info.plist */,
			);
			path = NateChallenge;
			sourceTree = "<group>";
		};
		62943AF4285898DF00531E26 /* NateChallengeTests */ = {
			isa = PBXGroup;
			children = (
				62943B1328589B0100531E26 /* Models */,
				62943B3A285A5B7500531E26 /* ViewModels */,
				62943B1A2858D9E000531E26 /* Service */,
			);
			path = NateChallengeTests;
			sourceTree = "<group>";
		};
		62943AFE285898DF00531E26 /* NateChallengeUITests */ = {
			isa = PBXGroup;
			children = (
				62943AFF285898DF00531E26 /* NateChallengeUITests.swift */,
				62943B01285898DF00531E26 /* NateChallengeUITestsLaunchTests.swift */,
			);
			path = NateChallengeUITests;
			sourceTree = "<group>";
		};
		62943B0E285899AF00531E26 /* Models */ = {
			isa = PBXGroup;
			children = (
				62943B0F285899C400531E26 /* Product.swift */,
			);
			path = Models;
			sourceTree = "<group>";
		};
		62943B1328589B0100531E26 /* Models */ = {
			isa = PBXGroup;
			children = (
				62943B1128589AFD00531E26 /* ProductsTests.swift */,
			);
			path = Models;
			sourceTree = "<group>";
		};
		62943B142858A1EE00531E26 /* Services */ = {
			isa = PBXGroup;
			children = (
				62943B152858A1FF00531E26 /* NetworkService.swift */,
				6224361E2861B635001744F2 /* HTTPMethods.swift */,
			);
			path = Services;
			sourceTree = "<group>";
		};
		62943B172858A22300531E26 /* Helpers */ = {
			isa = PBXGroup;
			children = (
				62943B2928591F4600531E26 /* Extensions */,
				62943B182858A23100531E26 /* Constants.swift */,
			);
			path = Helpers;
			sourceTree = "<group>";
		};
		62943B1A2858D9E000531E26 /* Service */ = {
			isa = PBXGroup;
			children = (
				62943B1B2858D9FE00531E26 /* NetworkServiceTests.swift */,
			);
			path = Service;
			sourceTree = "<group>";
		};
		62943B1D2858EDA000531E26 /* ViewControllers */ = {
			isa = PBXGroup;
			children = (
				62943B1E2858EDBA00531E26 /* ProductListViewController.swift */,
				62943B212858EFD900531E26 /* ProductCollectionViewCell.swift */,
				62943B31285937E900531E26 /* DetailViewController.swift */,
			);
			path = ViewControllers;
			sourceTree = "<group>";
		};
		62943B202858EDD700531E26 /* Coordinators  */ = {
			isa = PBXGroup;
			children = (
				62943B2D2859343A00531E26 /* Coordinator.swift */,
				62943B2F2859345200531E26 /* MainCoordinator.swift */,
			);
			path = "Coordinators ";
			sourceTree = "<group>";
		};
		62943B232858F2B500531E26 /* ViewModels  */ = {
			isa = PBXGroup;
			children = (
				62943B242858F2FC00531E26 /* ProductListViewModel.swift */,
			);
			path = "ViewModels ";
			sourceTree = "<group>";
		};
		62943B2628591EAB00531E26 /* Style */ = {
			isa = PBXGroup;
			children = (
				62943B3328593EB200531E26 /* Fonts */,
				62943B2728591EDC00531E26 /* Theme.swift */,
			);
			path = Style;
			sourceTree = "<group>";
		};
		62943B2928591F4600531E26 /* Extensions */ = {
			isa = PBXGroup;
			children = (
				62943B2A28591F5C00531E26 /* UIColorExtension.swift */,
				6224361C2860C796001744F2 /* UIFontExtension.swift */,
			);
			path = Extensions;
			sourceTree = "<group>";
		};
		62943B3328593EB200531E26 /* Fonts */ = {
			isa = PBXGroup;
			children = (
				62943B3828593ED600531E26 /* Outfit-Regular.ttf */,
				62943B3628593ECD00531E26 /* Outfit-SemiBold.ttf */,
				62943B3428593EC700531E26 /* Outfit-Bold.ttf */,
			);
			path = Fonts;
			sourceTree = "<group>";
		};
		62943B3A285A5B7500531E26 /* ViewModels */ = {
			isa = PBXGroup;
			children = (
				62943B3D285A5BB100531E26 /* ProductListViewModelTests.swift */,
			);
			path = ViewModels;
			sourceTree = "<group>";
		};
/* End PBXGroup section */

/* Begin PBXNativeTarget section */
		62943ADA285898DA00531E26 /* NateChallenge */ = {
			isa = PBXNativeTarget;
			buildConfigurationList = 62943B05285898DF00531E26 /* Build configuration list for PBXNativeTarget "NateChallenge" */;
			buildPhases = (
				C80858E4A99398858319C1E5 /* [CP] Check Pods Manifest.lock */,
				62943AD7285898DA00531E26 /* Sources */,
				62943AD8285898DA00531E26 /* Frameworks */,
				62943AD9285898DA00531E26 /* Resources */,
				7413B1DD55478587E4BA3843 /* [CP] Embed Pods Frameworks */,
			);
			buildRules = (
			);
			dependencies = (
			);
			name = NateChallenge;
			productName = NateChallenge;
			productReference = 62943ADB285898DA00531E26 /* NateChallenge.app */;
			productType = "com.apple.product-type.application";
		};
		62943AF0285898DF00531E26 /* NateChallengeTests */ = {
			isa = PBXNativeTarget;
			buildConfigurationList = 62943B08285898DF00531E26 /* Build configuration list for PBXNativeTarget "NateChallengeTests" */;
			buildPhases = (
				6764A07CBE6B9319664EEB7F /* [CP] Check Pods Manifest.lock */,
				62943AED285898DF00531E26 /* Sources */,
				62943AEE285898DF00531E26 /* Frameworks */,
				62943AEF285898DF00531E26 /* Resources */,
			);
			buildRules = (
			);
			dependencies = (
				62943AF3285898DF00531E26 /* PBXTargetDependency */,
			);
			name = NateChallengeTests;
			productName = NateChallengeTests;
			productReference = 62943AF1285898DF00531E26 /* NateChallengeTests.xctest */;
			productType = "com.apple.product-type.bundle.unit-test";
		};
		62943AFA285898DF00531E26 /* NateChallengeUITests */ = {
			isa = PBXNativeTarget;
			buildConfigurationList = 62943B0B285898DF00531E26 /* Build configuration list for PBXNativeTarget "NateChallengeUITests" */;
			buildPhases = (
				6F0B4523226A6B02B31FDA2B /* [CP] Check Pods Manifest.lock */,
				62943AF7285898DF00531E26 /* Sources */,
				62943AF8285898DF00531E26 /* Frameworks */,
				62943AF9285898DF00531E26 /* Resources */,
				CA96C5A31F68621F0CF31CA8 /* [CP] Embed Pods Frameworks */,
			);
			buildRules = (
			);
			dependencies = (
				62943AFD285898DF00531E26 /* PBXTargetDependency */,
			);
			name = NateChallengeUITests;
			productName = NateChallengeUITests;
			productReference = 62943AFB285898DF00531E26 /* NateChallengeUITests.xctest */;
			productType = "com.apple.product-type.bundle.ui-testing";
		};
/* End PBXNativeTarget section */

/* Begin PBXProject section */
		62943AD3285898DA00531E26 /* Project object */ = {
			isa = PBXProject;
			attributes = {
				BuildIndependentTargetsInParallel = 1;
				LastSwiftUpdateCheck = 1320;
				LastUpgradeCheck = 1320;
				TargetAttributes = {
					62943ADA285898DA00531E26 = {
						CreatedOnToolsVersion = 13.2.1;
					};
					62943AF0285898DF00531E26 = {
						CreatedOnToolsVersion = 13.2.1;
						TestTargetID = 62943ADA285898DA00531E26;
					};
					62943AFA285898DF00531E26 = {
						CreatedOnToolsVersion = 13.2.1;
						TestTargetID = 62943ADA285898DA00531E26;
					};
				};
			};
			buildConfigurationList = 62943AD6285898DA00531E26 /* Build configuration list for PBXProject "NateChallenge" */;
			compatibilityVersion = "Xcode 13.0";
			developmentRegion = en;
			hasScannedForEncodings = 0;
			knownRegions = (
				en,
				Base,
			);
			mainGroup = 62943AD2285898DA00531E26;
			productRefGroup = 62943ADC285898DA00531E26 /* Products */;
			projectDirPath = "";
			projectRoot = "";
			targets = (
				62943ADA285898DA00531E26 /* NateChallenge */,
				62943AF0285898DF00531E26 /* NateChallengeTests */,
				62943AFA285898DF00531E26 /* NateChallengeUITests */,
			);
		};
/* End PBXProject section */

/* Begin PBXResourcesBuildPhase section */
		62943AD9285898DA00531E26 /* Resources */ = {
			isa = PBXResourcesBuildPhase;
			buildActionMask = 2147483647;
			files = (
				62943B3528593EC700531E26 /* Outfit-Bold.ttf in Resources */,
				62943AEB285898DF00531E26 /* LaunchScreen.storyboard in Resources */,
				62943B3728593ECD00531E26 /* Outfit-SemiBold.ttf in Resources */,
				62943B3928593ED600531E26 /* Outfit-Regular.ttf in Resources */,
				62943AE8285898DF00531E26 /* Assets.xcassets in Resources */,
			);
			runOnlyForDeploymentPostprocessing = 0;
		};
		62943AEF285898DF00531E26 /* Resources */ = {
			isa = PBXResourcesBuildPhase;
			buildActionMask = 2147483647;
			files = (
			);
			runOnlyForDeploymentPostprocessing = 0;
		};
		62943AF9285898DF00531E26 /* Resources */ = {
			isa = PBXResourcesBuildPhase;
			buildActionMask = 2147483647;
			files = (
			);
			runOnlyForDeploymentPostprocessing = 0;
		};
/* End PBXResourcesBuildPhase section */

/* Begin PBXShellScriptBuildPhase section */
		6764A07CBE6B9319664EEB7F /* [CP] Check Pods Manifest.lock */ = {
			isa = PBXShellScriptBuildPhase;
			buildActionMask = 2147483647;
			files = (
			);
			inputFileListPaths = (
			);
			inputPaths = (
				"${PODS_PODFILE_DIR_PATH}/Podfile.lock",
				"${PODS_ROOT}/Manifest.lock",
			);
			name = "[CP] Check Pods Manifest.lock";
			outputFileListPaths = (
			);
			outputPaths = (
				"$(DERIVED_FILE_DIR)/Pods-NateChallengeTests-checkManifestLockResult.txt",
			);
			runOnlyForDeploymentPostprocessing = 0;
			shellPath = /bin/sh;
			shellScript = "diff \"${PODS_PODFILE_DIR_PATH}/Podfile.lock\" \"${PODS_ROOT}/Manifest.lock\" > /dev/null\nif [ $? != 0 ] ; then\n    # print error to STDERR\n    echo \"error: The sandbox is not in sync with the Podfile.lock. Run 'pod install' or update your CocoaPods installation.\" >&2\n    exit 1\nfi\n# This output is used by Xcode 'outputs' to avoid re-running this script phase.\necho \"SUCCESS\" > \"${SCRIPT_OUTPUT_FILE_0}\"\n";
			showEnvVarsInLog = 0;
		};
		6F0B4523226A6B02B31FDA2B /* [CP] Check Pods Manifest.lock */ = {
			isa = PBXShellScriptBuildPhase;
			buildActionMask = 2147483647;
			files = (
			);
			inputFileListPaths = (
			);
			inputPaths = (
				"${PODS_PODFILE_DIR_PATH}/Podfile.lock",
				"${PODS_ROOT}/Manifest.lock",
			);
			name = "[CP] Check Pods Manifest.lock";
			outputFileListPaths = (
			);
			outputPaths = (
				"$(DERIVED_FILE_DIR)/Pods-NateChallenge-NateChallengeUITests-checkManifestLockResult.txt",
			);
			runOnlyForDeploymentPostprocessing = 0;
			shellPath = /bin/sh;
			shellScript = "diff \"${PODS_PODFILE_DIR_PATH}/Podfile.lock\" \"${PODS_ROOT}/Manifest.lock\" > /dev/null\nif [ $? != 0 ] ; then\n    # print error to STDERR\n    echo \"error: The sandbox is not in sync with the Podfile.lock. Run 'pod install' or update your CocoaPods installation.\" >&2\n    exit 1\nfi\n# This output is used by Xcode 'outputs' to avoid re-running this script phase.\necho \"SUCCESS\" > \"${SCRIPT_OUTPUT_FILE_0}\"\n";
			showEnvVarsInLog = 0;
		};
		7413B1DD55478587E4BA3843 /* [CP] Embed Pods Frameworks */ = {
			isa = PBXShellScriptBuildPhase;
			buildActionMask = 2147483647;
			files = (
			);
			inputFileListPaths = (
				"${PODS_ROOT}/Target Support Files/Pods-NateChallenge/Pods-NateChallenge-frameworks-${CONFIGURATION}-input-files.xcfilelist",
			);
			name = "[CP] Embed Pods Frameworks";
			outputFileListPaths = (
				"${PODS_ROOT}/Target Support Files/Pods-NateChallenge/Pods-NateChallenge-frameworks-${CONFIGURATION}-output-files.xcfilelist",
			);
			runOnlyForDeploymentPostprocessing = 0;
			shellPath = /bin/sh;
			shellScript = "\"${PODS_ROOT}/Target Support Files/Pods-NateChallenge/Pods-NateChallenge-frameworks.sh\"\n";
			showEnvVarsInLog = 0;
		};
		C80858E4A99398858319C1E5 /* [CP] Check Pods Manifest.lock */ = {
			isa = PBXShellScriptBuildPhase;
			buildActionMask = 2147483647;
			files = (
			);
			inputFileListPaths = (
			);
			inputPaths = (
				"${PODS_PODFILE_DIR_PATH}/Podfile.lock",
				"${PODS_ROOT}/Manifest.lock",
			);
			name = "[CP] Check Pods Manifest.lock";
			outputFileListPaths = (
			);
			outputPaths = (
				"$(DERIVED_FILE_DIR)/Pods-NateChallenge-checkManifestLockResult.txt",
			);
			runOnlyForDeploymentPostprocessing = 0;
			shellPath = /bin/sh;
			shellScript = "diff \"${PODS_PODFILE_DIR_PATH}/Podfile.lock\" \"${PODS_ROOT}/Manifest.lock\" > /dev/null\nif [ $? != 0 ] ; then\n    # print error to STDERR\n    echo \"error: The sandbox is not in sync with the Podfile.lock. Run 'pod install' or update your CocoaPods installation.\" >&2\n    exit 1\nfi\n# This output is used by Xcode 'outputs' to avoid re-running this script phase.\necho \"SUCCESS\" > \"${SCRIPT_OUTPUT_FILE_0}\"\n";
			showEnvVarsInLog = 0;
		};
		CA96C5A31F68621F0CF31CA8 /* [CP] Embed Pods Frameworks */ = {
			isa = PBXShellScriptBuildPhase;
			buildActionMask = 2147483647;
			files = (
			);
			inputFileListPaths = (
				"${PODS_ROOT}/Target Support Files/Pods-NateChallenge-NateChallengeUITests/Pods-NateChallenge-NateChallengeUITests-frameworks-${CONFIGURATION}-input-files.xcfilelist",
			);
			name = "[CP] Embed Pods Frameworks";
			outputFileListPaths = (
				"${PODS_ROOT}/Target Support Files/Pods-NateChallenge-NateChallengeUITests/Pods-NateChallenge-NateChallengeUITests-frameworks-${CONFIGURATION}-output-files.xcfilelist",
			);
			runOnlyForDeploymentPostprocessing = 0;
			shellPath = /bin/sh;
			shellScript = "\"${PODS_ROOT}/Target Support Files/Pods-NateChallenge-NateChallengeUITests/Pods-NateChallenge-NateChallengeUITests-frameworks.sh\"\n";
			showEnvVarsInLog = 0;
		};
/* End PBXShellScriptBuildPhase section */

/* Begin PBXSourcesBuildPhase section */
		62943AD7285898DA00531E26 /* Sources */ = {
			isa = PBXSourcesBuildPhase;
			buildActionMask = 2147483647;
			files = (
				62943B32285937E900531E26 /* DetailViewController.swift in Sources */,
				6224361D2860C796001744F2 /* UIFontExtension.swift in Sources */,
				62943B2828591EDC00531E26 /* Theme.swift in Sources */,
				62943B302859345200531E26 /* MainCoordinator.swift in Sources */,
				62943B162858A1FF00531E26 /* NetworkService.swift in Sources */,
				6224361F2861B635001744F2 /* HTTPMethods.swift in Sources */,
				62943B1F2858EDBA00531E26 /* ProductListViewController.swift in Sources */,
				62943B222858EFD900531E26 /* ProductCollectionViewCell.swift in Sources */,
				62943B10285899C400531E26 /* Product.swift in Sources */,
				62943ADF285898DA00531E26 /* AppDelegate.swift in Sources */,
				62943B2E2859343A00531E26 /* Coordinator.swift in Sources */,
				62943AE1285898DA00531E26 /* SceneDelegate.swift in Sources */,
				62943B2B28591F5C00531E26 /* UIColorExtension.swift in Sources */,
				62943B252858F2FC00531E26 /* ProductListViewModel.swift in Sources */,
				62943B192858A23100531E26 /* Constants.swift in Sources */,
			);
			runOnlyForDeploymentPostprocessing = 0;
		};
		62943AED285898DF00531E26 /* Sources */ = {
			isa = PBXSourcesBuildPhase;
			buildActionMask = 2147483647;
			files = (
				62943B1C2858D9FE00531E26 /* NetworkServiceTests.swift in Sources */,
				62943B1228589AFD00531E26 /* ProductsTests.swift in Sources */,
				62943B3E285A5BB100531E26 /* ProductListViewModelTests.swift in Sources */,
			);
			runOnlyForDeploymentPostprocessing = 0;
		};
		62943AF7285898DF00531E26 /* Sources */ = {
			isa = PBXSourcesBuildPhase;
			buildActionMask = 2147483647;
			files = (
				62943B02285898DF00531E26 /* NateChallengeUITestsLaunchTests.swift in Sources */,
				62943B00285898DF00531E26 /* NateChallengeUITests.swift in Sources */,
			);
			runOnlyForDeploymentPostprocessing = 0;
		};
/* End PBXSourcesBuildPhase section */

/* Begin PBXTargetDependency section */
		62943AF3285898DF00531E26 /* PBXTargetDependency */ = {
			isa = PBXTargetDependency;
			target = 62943ADA285898DA00531E26 /* NateChallenge */;
			targetProxy = 62943AF2285898DF00531E26 /* PBXContainerItemProxy */;
		};
		62943AFD285898DF00531E26 /* PBXTargetDependency */ = {
			isa = PBXTargetDependency;
			target = 62943ADA285898DA00531E26 /* NateChallenge */;
			targetProxy = 62943AFC285898DF00531E26 /* PBXContainerItemProxy */;
		};
/* End PBXTargetDependency section */

/* Begin PBXVariantGroup section */
		62943AE9285898DF00531E26 /* LaunchScreen.storyboard */ = {
			isa = PBXVariantGroup;
			children = (
				62943AEA285898DF00531E26 /* Base */,
			);
			name = LaunchScreen.storyboard;
			sourceTree = "<group>";
		};
/* End PBXVariantGroup section */

/* Begin XCBuildConfiguration section */
		62943B03285898DF00531E26 /* Debug */ = {
			isa = XCBuildConfiguration;
			buildSettings = {
				ALWAYS_SEARCH_USER_PATHS = NO;
				CLANG_ANALYZER_NONNULL = YES;
				CLANG_ANALYZER_NUMBER_OBJECT_CONVERSION = YES_AGGRESSIVE;
				CLANG_CXX_LANGUAGE_STANDARD = "gnu++17";
				CLANG_CXX_LIBRARY = "libc++";
				CLANG_ENABLE_MODULES = YES;
				CLANG_ENABLE_OBJC_ARC = YES;
				CLANG_ENABLE_OBJC_WEAK = YES;
				CLANG_WARN_BLOCK_CAPTURE_AUTORELEASING = YES;
				CLANG_WARN_BOOL_CONVERSION = YES;
				CLANG_WARN_COMMA = YES;
				CLANG_WARN_CONSTANT_CONVERSION = YES;
				CLANG_WARN_DEPRECATED_OBJC_IMPLEMENTATIONS = YES;
				CLANG_WARN_DIRECT_OBJC_ISA_USAGE = YES_ERROR;
				CLANG_WARN_DOCUMENTATION_COMMENTS = YES;
				CLANG_WARN_EMPTY_BODY = YES;
				CLANG_WARN_ENUM_CONVERSION = YES;
				CLANG_WARN_INFINITE_RECURSION = YES;
				CLANG_WARN_INT_CONVERSION = YES;
				CLANG_WARN_NON_LITERAL_NULL_CONVERSION = YES;
				CLANG_WARN_OBJC_IMPLICIT_RETAIN_SELF = YES;
				CLANG_WARN_OBJC_LITERAL_CONVERSION = YES;
				CLANG_WARN_OBJC_ROOT_CLASS = YES_ERROR;
				CLANG_WARN_QUOTED_INCLUDE_IN_FRAMEWORK_HEADER = YES;
				CLANG_WARN_RANGE_LOOP_ANALYSIS = YES;
				CLANG_WARN_STRICT_PROTOTYPES = YES;
				CLANG_WARN_SUSPICIOUS_MOVE = YES;
				CLANG_WARN_UNGUARDED_AVAILABILITY = YES_AGGRESSIVE;
				CLANG_WARN_UNREACHABLE_CODE = YES;
				CLANG_WARN__DUPLICATE_METHOD_MATCH = YES;
				COPY_PHASE_STRIP = NO;
				DEBUG_INFORMATION_FORMAT = dwarf;
				ENABLE_STRICT_OBJC_MSGSEND = YES;
				ENABLE_TESTABILITY = YES;
				GCC_C_LANGUAGE_STANDARD = gnu11;
				GCC_DYNAMIC_NO_PIC = NO;
				GCC_NO_COMMON_BLOCKS = YES;
				GCC_OPTIMIZATION_LEVEL = 0;
				GCC_PREPROCESSOR_DEFINITIONS = (
					"DEBUG=1",
					"$(inherited)",
				);
				GCC_WARN_64_TO_32_BIT_CONVERSION = YES;
				GCC_WARN_ABOUT_RETURN_TYPE = YES_ERROR;
				GCC_WARN_UNDECLARED_SELECTOR = YES;
				GCC_WARN_UNINITIALIZED_AUTOS = YES_AGGRESSIVE;
				GCC_WARN_UNUSED_FUNCTION = YES;
				GCC_WARN_UNUSED_VARIABLE = YES;
				IPHONEOS_DEPLOYMENT_TARGET = 15.2;
				MTL_ENABLE_DEBUG_INFO = INCLUDE_SOURCE;
				MTL_FAST_MATH = YES;
				ONLY_ACTIVE_ARCH = YES;
				SDKROOT = iphoneos;
				SWIFT_ACTIVE_COMPILATION_CONDITIONS = DEBUG;
				SWIFT_OPTIMIZATION_LEVEL = "-Onone";
			};
			name = Debug;
		};
		62943B04285898DF00531E26 /* Release */ = {
			isa = XCBuildConfiguration;
			buildSettings = {
				ALWAYS_SEARCH_USER_PATHS = NO;
				CLANG_ANALYZER_NONNULL = YES;
				CLANG_ANALYZER_NUMBER_OBJECT_CONVERSION = YES_AGGRESSIVE;
				CLANG_CXX_LANGUAGE_STANDARD = "gnu++17";
				CLANG_CXX_LIBRARY = "libc++";
				CLANG_ENABLE_MODULES = YES;
				CLANG_ENABLE_OBJC_ARC = YES;
				CLANG_ENABLE_OBJC_WEAK = YES;
				CLANG_WARN_BLOCK_CAPTURE_AUTORELEASING = YES;
				CLANG_WARN_BOOL_CONVERSION = YES;
				CLANG_WARN_COMMA = YES;
				CLANG_WARN_CONSTANT_CONVERSION = YES;
				CLANG_WARN_DEPRECATED_OBJC_IMPLEMENTATIONS = YES;
				CLANG_WARN_DIRECT_OBJC_ISA_USAGE = YES_ERROR;
				CLANG_WARN_DOCUMENTATION_COMMENTS = YES;
				CLANG_WARN_EMPTY_BODY = YES;
				CLANG_WARN_ENUM_CONVERSION = YES;
				CLANG_WARN_INFINITE_RECURSION = YES;
				CLANG_WARN_INT_CONVERSION = YES;
				CLANG_WARN_NON_LITERAL_NULL_CONVERSION = YES;
				CLANG_WARN_OBJC_IMPLICIT_RETAIN_SELF = YES;
				CLANG_WARN_OBJC_LITERAL_CONVERSION = YES;
				CLANG_WARN_OBJC_ROOT_CLASS = YES_ERROR;
				CLANG_WARN_QUOTED_INCLUDE_IN_FRAMEWORK_HEADER = YES;
				CLANG_WARN_RANGE_LOOP_ANALYSIS = YES;
				CLANG_WARN_STRICT_PROTOTYPES = YES;
				CLANG_WARN_SUSPICIOUS_MOVE = YES;
				CLANG_WARN_UNGUARDED_AVAILABILITY = YES_AGGRESSIVE;
				CLANG_WARN_UNREACHABLE_CODE = YES;
				CLANG_WARN__DUPLICATE_METHOD_MATCH = YES;
				COPY_PHASE_STRIP = NO;
				DEBUG_INFORMATION_FORMAT = "dwarf-with-dsym";
				ENABLE_NS_ASSERTIONS = NO;
				ENABLE_STRICT_OBJC_MSGSEND = YES;
				GCC_C_LANGUAGE_STANDARD = gnu11;
				GCC_NO_COMMON_BLOCKS = YES;
				GCC_WARN_64_TO_32_BIT_CONVERSION = YES;
				GCC_WARN_ABOUT_RETURN_TYPE = YES_ERROR;
				GCC_WARN_UNDECLARED_SELECTOR = YES;
				GCC_WARN_UNINITIALIZED_AUTOS = YES_AGGRESSIVE;
				GCC_WARN_UNUSED_FUNCTION = YES;
				GCC_WARN_UNUSED_VARIABLE = YES;
				IPHONEOS_DEPLOYMENT_TARGET = 15.2;
				MTL_ENABLE_DEBUG_INFO = NO;
				MTL_FAST_MATH = YES;
				SDKROOT = iphoneos;
				SWIFT_COMPILATION_MODE = wholemodule;
				SWIFT_OPTIMIZATION_LEVEL = "-O";
				VALIDATE_PRODUCT = YES;
			};
			name = Release;
		};
		62943B06285898DF00531E26 /* Debug */ = {
			isa = XCBuildConfiguration;
			baseConfigurationReference = F6EE1B0DE3E2AADD88063AE2 /* Pods-NateChallenge.debug.xcconfig */;
			buildSettings = {
				ASSETCATALOG_COMPILER_APPICON_NAME = AppIcon;
				ASSETCATALOG_COMPILER_GLOBAL_ACCENT_COLOR_NAME = AccentColor;
				CODE_SIGN_STYLE = Automatic;
				CURRENT_PROJECT_VERSION = 1;
				DEVELOPMENT_TEAM = A4M72DLPM3;
				GENERATE_INFOPLIST_FILE = YES;
				INFOPLIST_FILE = NateChallenge/Info.plist;
				INFOPLIST_KEY_UIApplicationSupportsIndirectInputEvents = YES;
				INFOPLIST_KEY_UILaunchStoryboardName = LaunchScreen;
				INFOPLIST_KEY_UISupportedInterfaceOrientations_iPad = "UIInterfaceOrientationPortrait UIInterfaceOrientationPortraitUpsideDown UIInterfaceOrientationLandscapeLeft UIInterfaceOrientationLandscapeRight";
				INFOPLIST_KEY_UISupportedInterfaceOrientations_iPhone = "UIInterfaceOrientationPortrait UIInterfaceOrientationLandscapeLeft UIInterfaceOrientationLandscapeRight";
				IPHONEOS_DEPLOYMENT_TARGET = 14.0;
				LD_RUNPATH_SEARCH_PATHS = (
					"$(inherited)",
					"@executable_path/Frameworks",
				);
				MARKETING_VERSION = 1.0;
				PRODUCT_BUNDLE_IDENTIFIER = com.training.NateChallenge;
				PRODUCT_NAME = "$(TARGET_NAME)";
				SWIFT_EMIT_LOC_STRINGS = YES;
				SWIFT_VERSION = 5.0;
				TARGETED_DEVICE_FAMILY = "1,2";
			};
			name = Debug;
		};
		62943B07285898DF00531E26 /* Release */ = {
			isa = XCBuildConfiguration;
			baseConfigurationReference = 0F2A74436FE7C3448E6BEED7 /* Pods-NateChallenge.release.xcconfig */;
			buildSettings = {
				ASSETCATALOG_COMPILER_APPICON_NAME = AppIcon;
				ASSETCATALOG_COMPILER_GLOBAL_ACCENT_COLOR_NAME = AccentColor;
				CODE_SIGN_STYLE = Automatic;
				CURRENT_PROJECT_VERSION = 1;
				DEVELOPMENT_TEAM = A4M72DLPM3;
				GENERATE_INFOPLIST_FILE = YES;
				INFOPLIST_FILE = NateChallenge/Info.plist;
				INFOPLIST_KEY_UIApplicationSupportsIndirectInputEvents = YES;
				INFOPLIST_KEY_UILaunchStoryboardName = LaunchScreen;
				INFOPLIST_KEY_UISupportedInterfaceOrientations_iPad = "UIInterfaceOrientationPortrait UIInterfaceOrientationPortraitUpsideDown UIInterfaceOrientationLandscapeLeft UIInterfaceOrientationLandscapeRight";
				INFOPLIST_KEY_UISupportedInterfaceOrientations_iPhone = "UIInterfaceOrientationPortrait UIInterfaceOrientationLandscapeLeft UIInterfaceOrientationLandscapeRight";
				IPHONEOS_DEPLOYMENT_TARGET = 14.0;
				LD_RUNPATH_SEARCH_PATHS = (
					"$(inherited)",
					"@executable_path/Frameworks",
				);
				MARKETING_VERSION = 1.0;
				PRODUCT_BUNDLE_IDENTIFIER = com.training.NateChallenge;
				PRODUCT_NAME = "$(TARGET_NAME)";
				SWIFT_EMIT_LOC_STRINGS = YES;
				SWIFT_VERSION = 5.0;
				TARGETED_DEVICE_FAMILY = "1,2";
			};
			name = Release;
		};
		62943B09285898DF00531E26 /* Debug */ = {
			isa = XCBuildConfiguration;
			baseConfigurationReference = 9BA5CEA28E9D88DB79542859 /* Pods-NateChallengeTests.debug.xcconfig */;
			buildSettings = {
				ALWAYS_EMBED_SWIFT_STANDARD_LIBRARIES = YES;
				BUNDLE_LOADER = "$(TEST_HOST)";
				CODE_SIGN_STYLE = Automatic;
				CURRENT_PROJECT_VERSION = 1;
				DEVELOPMENT_TEAM = A4M72DLPM3;
				GENERATE_INFOPLIST_FILE = YES;
				IPHONEOS_DEPLOYMENT_TARGET = 15.2;
				MARKETING_VERSION = 1.0;
				PRODUCT_BUNDLE_IDENTIFIER = com.training.NateChallengeTests;
				PRODUCT_NAME = "$(TARGET_NAME)";
				SWIFT_EMIT_LOC_STRINGS = NO;
				SWIFT_VERSION = 5.0;
				TARGETED_DEVICE_FAMILY = "1,2";
				TEST_HOST = "$(BUILT_PRODUCTS_DIR)/NateChallenge.app/NateChallenge";
			};
			name = Debug;
		};
		62943B0A285898DF00531E26 /* Release */ = {
			isa = XCBuildConfiguration;
			baseConfigurationReference = 36C8E0EC6A1BB7309EF8FD23 /* Pods-NateChallengeTests.release.xcconfig */;
			buildSettings = {
				ALWAYS_EMBED_SWIFT_STANDARD_LIBRARIES = YES;
				BUNDLE_LOADER = "$(TEST_HOST)";
				CODE_SIGN_STYLE = Automatic;
				CURRENT_PROJECT_VERSION = 1;
				DEVELOPMENT_TEAM = A4M72DLPM3;
				GENERATE_INFOPLIST_FILE = YES;
				IPHONEOS_DEPLOYMENT_TARGET = 15.2;
				MARKETING_VERSION = 1.0;
				PRODUCT_BUNDLE_IDENTIFIER = com.training.NateChallengeTests;
				PRODUCT_NAME = "$(TARGET_NAME)";
				SWIFT_EMIT_LOC_STRINGS = NO;
				SWIFT_VERSION = 5.0;
				TARGETED_DEVICE_FAMILY = "1,2";
				TEST_HOST = "$(BUILT_PRODUCTS_DIR)/NateChallenge.app/NateChallenge";
			};
			name = Release;
		};
		62943B0C285898DF00531E26 /* Debug */ = {
			isa = XCBuildConfiguration;
			baseConfigurationReference = 5C54DE21D6646A7F054AF230 /* Pods-NateChallenge-NateChallengeUITests.debug.xcconfig */;
			buildSettings = {
				ALWAYS_EMBED_SWIFT_STANDARD_LIBRARIES = YES;
				CODE_SIGN_STYLE = Automatic;
				CURRENT_PROJECT_VERSION = 1;
				DEVELOPMENT_TEAM = A4M72DLPM3;
				GENERATE_INFOPLIST_FILE = YES;
				MARKETING_VERSION = 1.0;
				PRODUCT_BUNDLE_IDENTIFIER = com.training.NateChallengeUITests;
				PRODUCT_NAME = "$(TARGET_NAME)";
				SWIFT_EMIT_LOC_STRINGS = NO;
				SWIFT_VERSION = 5.0;
				TARGETED_DEVICE_FAMILY = "1,2";
				TEST_TARGET_NAME = NateChallenge;
			};
			name = Debug;
		};
		62943B0D285898DF00531E26 /* Release */ = {
			isa = XCBuildConfiguration;
			baseConfigurationReference = 5159BFAD7E736F3DB3196635 /* Pods-NateChallenge-NateChallengeUITests.release.xcconfig */;
			buildSettings = {
				ALWAYS_EMBED_SWIFT_STANDARD_LIBRARIES = YES;
				CODE_SIGN_STYLE = Automatic;
				CURRENT_PROJECT_VERSION = 1;
				DEVELOPMENT_TEAM = A4M72DLPM3;
				GENERATE_INFOPLIST_FILE = YES;
				MARKETING_VERSION = 1.0;
				PRODUCT_BUNDLE_IDENTIFIER = com.training.NateChallengeUITests;
				PRODUCT_NAME = "$(TARGET_NAME)";
				SWIFT_EMIT_LOC_STRINGS = NO;
				SWIFT_VERSION = 5.0;
				TARGETED_DEVICE_FAMILY = "1,2";
				TEST_TARGET_NAME = NateChallenge;
			};
			name = Release;
		};
/* End XCBuildConfiguration section */

/* Begin XCConfigurationList section */
		62943AD6285898DA00531E26 /* Build configuration list for PBXProject "NateChallenge" */ = {
			isa = XCConfigurationList;
			buildConfigurations = (
				62943B03285898DF00531E26 /* Debug */,
				62943B04285898DF00531E26 /* Release */,
			);
			defaultConfigurationIsVisible = 0;
			defaultConfigurationName = Release;
		};
		62943B05285898DF00531E26 /* Build configuration list for PBXNativeTarget "NateChallenge" */ = {
			isa = XCConfigurationList;
			buildConfigurations = (
				62943B06285898DF00531E26 /* Debug */,
				62943B07285898DF00531E26 /* Release */,
			);
			defaultConfigurationIsVisible = 0;
			defaultConfigurationName = Release;
		};
		62943B08285898DF00531E26 /* Build configuration list for PBXNativeTarget "NateChallengeTests" */ = {
			isa = XCConfigurationList;
			buildConfigurations = (
				62943B09285898DF00531E26 /* Debug */,
				62943B0A285898DF00531E26 /* Release */,
			);
			defaultConfigurationIsVisible = 0;
			defaultConfigurationName = Release;
		};
		62943B0B285898DF00531E26 /* Build configuration list for PBXNativeTarget "NateChallengeUITests" */ = {
			isa = XCConfigurationList;
			buildConfigurations = (
				62943B0C285898DF00531E26 /* Debug */,
				62943B0D285898DF00531E26 /* Release */,
			);
			defaultConfigurationIsVisible = 0;
			defaultConfigurationName = Release;
		};
/* End XCConfigurationList section */
	};
	rootObject = 62943AD3285898DA00531E26 /* Project object */;
}
